{
  "name": "RailType-India",
  "lockfileVersion": 3,
  "requires": true,
  "packages": {
    "": {
      "dependencies": {
        "@ngrok/ngrok": "^1.7.0"
      }
    },
    "node_modules/@ngrok/ngrok": {
      "version": "1.7.0",
      "resolved": "https://registry.npmjs.org/@ngrok/ngrok/-/ngrok-1.7.0.tgz",
      "integrity": "sha512-P06o9TpxrJbiRbHQkiwy/rUrlXRupc+Z8KT4MiJfmcdWxvIdzjCaJOdnNkcOTs6DMyzIOefG5tvk/HLdtjqr0g==",
      "license": "(MIT OR Apache-2.0)",
      "engines": {
        "node": ">= 10"
      },
      "optionalDependencies": {
        "@ngrok/ngrok-android-arm64": "1.7.0",
        "@ngrok/ngrok-darwin-arm64": "1.7.0",
        "@ngrok/ngrok-darwin-universal": "1.7.0",
        "@ngrok/ngrok-darwin-x64": "1.7.0",
        "@ngrok/ngrok-freebsd-x64": "1.7.0",
        "@ngrok/ngrok-linux-arm-gnueabihf": "1.7.0",
        "@ngrok/ngrok-linux-arm64-gnu": "1.7.0",
        "@ngrok/ngrok-linux-arm64-musl": "1.7.0",
        "@ngrok/ngrok-linux-x64-gnu": "1.7.0",
        "@ngrok/ngrok-linux-x64-musl": "1.7.0",
        "@ngrok/ngrok-win32-arm64-msvc": "1.7.0",
        "@ngrok/ngrok-win32-ia32-msvc": "1.7.0",
        "@ngrok/ngrok-win32-x64-msvc": "1.7.0"
      }
    },
    "node_modules/@ngrok/ngrok-android-arm64": {
      "version": "1.7.0",
      "resolved": "https://registry.npmjs.org/@ngrok/ngrok-android-arm64/-/ngrok-android-arm64-1.7.0.tgz",
      "integrity": "sha512-8tco3ID6noSaNy+CMS7ewqPoIkIM6XO5COCzsUp3Wv3XEbMSyn65RN6cflX2JdqLfUCHcMyD0ahr9IEiHwqmbQ==",
      "cpu": [
        "arm64"
      ],
      "license": "MIT",
      "optional": true,
      "os": [
        "android"
      ],
      "engines": {
        "node": ">= 10"
      }
    },
    "node_modules/@ngrok/ngrok-darwin-arm64": {
      "version": "1.7.0",
      "resolved": "https://registry.npmjs.org/@ngrok/ngrok-darwin-arm64/-/ngrok-darwin-arm64-1.7.0.tgz",
      "integrity": "sha512-+dmJSOzSO+MNDVrPOca2yYDP1W3KfP4qOlAkarIeFRIfqonQwq3QCBmcR7HAlZocLsSqEwyG6KP4RRvAuT0WGQ==",
      "cpu": [
        "arm64"
      ],
      "license": "MIT",
      "optional": true,
      "os": [
        "darwin"
      ],
      "engines": {
        "node": ">= 10"
      }
    },
    "node_modules/@ngrok/ngrok-darwin-universal": {
      "version": "1.7.0",
      "resolved": "https://registry.npmjs.org/@ngrok/ngrok-darwin-universal/-/ngrok-darwin-universal-1.7.0.tgz",
      "integrity": "sha512-fDEfewyE2pWGFBhOSwQZObeHUkc65U1l+3HIgSOe094TMHsqmyJD0KTCgW9KSn0VP4OvDZbAISi1T3nvqgZYhQ==",
      "license": "MIT",
      "optional": true,
      "os": [
        "darwin"
      ],
      "engines": {
        "node": ">= 10"
      }
    },
    "node_modules/@ngrok/ngrok-darwin-x64": {
      "version": "1.7.0",
      "resolved": "https://registry.npmjs.org/@ngrok/ngrok-darwin-x64/-/ngrok-darwin-x64-1.7.0.tgz",
      "integrity": "sha512-+fwMi5uHd9G8BS42MMa9ye6exI5lwTcjUO6Ut497Vu0qgLONdVRenRqnEePV+Q3KtQR7NjqkMnomVfkr9MBjtw==",
      "cpu": [
        "x64"
      ],
      "license": "MIT",
      "optional": true,
      "os": [
        "darwin"
      ],
      "engines": {
        "node": ">= 10"
      }
    },
    "node_modules/@ngrok/ngrok-freebsd-x64": {
      "version": "1.7.0",
      "resolved": "https://registry.npmjs.org/@ngrok/ngrok-freebsd-x64/-/ngrok-freebsd-x64-1.7.0.tgz",
      "integrity": "sha512-2OGgbrjy3yLRrqAz5N6hlUKIWIXSpR5RjQa2chtZMsSbszQ6c9dI+uVQfOKAeo05tHMUgrYAZ7FocC+ig0dzdQ==",
      "cpu": [
        "x64"
      ],
      "license": "MIT",
      "optional": true,
      "os": [
        "freebsd"
      ],
      "engines": {
        "node": ">= 10"
      }
    },
    "node_modules/@ngrok/ngrok-linux-arm-gnueabihf": {
      "version": "1.7.0",
      "resolved": "https://registry.npmjs.org/@ngrok/ngrok-linux-arm-gnueabihf/-/ngrok-linux-arm-gnueabihf-1.7.0.tgz",
      "integrity": "sha512-SN9YIfEQiR9xN90QVNvdgvAemqMLoFVSeTWZs779145hQMhvF9Qd9rnWi6J+2uNNK10OczdV1oc/nq1es7u/3g==",
      "cpu": [
        "arm"
      ],
      "license": "MIT",
      "optional": true,
      "os": [
        "linux"
      ],
      "engines": {
        "node": ">= 10"
      }
    },
    "node_modules/@ngrok/ngrok-linux-arm64-gnu": {
      "version": "1.7.0",
      "resolved": "https://registry.npmjs.org/@ngrok/ngrok-linux-arm64-gnu/-/ngrok-linux-arm64-gnu-1.7.0.tgz",
      "integrity": "sha512-KDMgzPKFU2kbpVSaA2RZBBia5IPdJEe063YlyVFnSMJmPYWCUnMwdybBsucXfV9u1Lw/ZjKTKotIlbTWGn3HGw==",
      "cpu": [
        "arm64"
      ],
      "license": "MIT",
      "optional": true,
      "os": [
        "linux"
      ],
      "engines": {
        "node": ">= 10"
      }
    },
    "node_modules/@ngrok/ngrok-linux-arm64-musl": {
      "version": "1.7.0",
      "resolved": "https://registry.npmjs.org/@ngrok/ngrok-linux-arm64-musl/-/ngrok-linux-arm64-musl-1.7.0.tgz",
      "integrity": "sha512-e66vUdVrBlQ0lT9ZdamB4U604zt5Gualt8/WVcUGzbu8s5LajWd6g/mzZCUjK4UepjvMpfgmCp1/+rX7Rk8d5A==",
      "cpu": [
        "arm64"
      ],
      "license": "MIT",
      "optional": true,
      "os": [
        "linux"
      ],
      "engines": {
        "node": ">= 10"
      }
    },
    "node_modules/@ngrok/ngrok-linux-x64-gnu": {
      "version": "1.7.0",
      "resolved": "https://registry.npmjs.org/@ngrok/ngrok-linux-x64-gnu/-/ngrok-linux-x64-gnu-1.7.0.tgz",
      "integrity": "sha512-M6gF0DyOEFqXLfWxObfL3bxYZ4+PnKBHuyLVaqNfFN9Y5utY2mdPOn5422Ppbk4XoIK5/YkuhRqPJl/9FivKEw==",
      "cpu": [
        "x64"
      ],
      "license": "MIT",
      "optional": true,
      "os": [
        "linux"
      ],
      "engines": {
        "node": ">= 10"
      }
    },
    "node_modules/@ngrok/ngrok-linux-x64-musl": {
      "version": "1.7.0",
      "resolved": "https://registry.npmjs.org/@ngrok/ngrok-linux-x64-musl/-/ngrok-linux-x64-musl-1.7.0.tgz",
      "integrity": "sha512-4Ijm0dKeoyzZTMaYxR2EiNjtlK81ebflg/WYIO1XtleFrVy4UJEGnxtxEidYoT4BfCqi4uvXiK2Mx216xXKvog==",
      "cpu": [
        "x64"
      ],
      "license": "MIT",
      "optional": true,
      "os": [
        "linux"
      ],
      "engines": {
        "node": ">= 10"
      }
    },
    "node_modules/@ngrok/ngrok-win32-arm64-msvc": {
      "version": "1.7.0",
      "resolved": "https://registry.npmjs.org/@ngrok/ngrok-win32-arm64-msvc/-/ngrok-win32-arm64-msvc-1.7.0.tgz",
      "integrity": "sha512-u7qyWIJI2/YG1HTBnHwUR1+Z2tyGfAsUAItJK/+N1G0FeWJhIWQvSIFJHlaPy4oW1Dc8mSDBX9qvVsiQgLaRFg==",
      "cpu": [
        "arm64"
      ],
      "license": "MIT",
      "optional": true,
      "os": [
        "win32"
      ],
      "engines": {
        "node": ">= 10"
      }
    },
    "node_modules/@ngrok/ngrok-win32-ia32-msvc": {
      "version": "1.7.0",
      "resolved": "https://registry.npmjs.org/@ngrok/ngrok-win32-ia32-msvc/-/ngrok-win32-ia32-msvc-1.7.0.tgz",
      "integrity": "sha512-/UdYUsLNv/Q8j9YJsyIfq/jLCoD8WP+NidouucTUzSoDtmOsXBBT3itLrmPiZTEdEgKiFYLuC1Zon8XQQvbVLA==",
      "cpu": [
        "ia32"
      ],
      "license": "MIT",
      "optional": true,
      "os": [
        "win32"
      ],
      "engines": {
        "node": ">= 10"
      }
    },
    "node_modules/@ngrok/ngrok-win32-x64-msvc": {
      "version": "1.7.0",
      "resolved": "https://registry.npmjs.org/@ngrok/ngrok-win32-x64-msvc/-/ngrok-win32-x64-msvc-1.7.0.tgz",
      "integrity": "sha512-UFJg/duEWzZlLkEs61Gz6/5nYhGaKI62I8dvUGdBR3NCtIMagehnFaFxmnXZldyHmCM8U0aCIFNpWRaKcrQkoA==",
      "cpu": [
        "x64"
      ],
      "license": "MIT",
      "optional": true,
      "os": [
        "win32"
      ],
      "engines": {
        "node": ">= 10"
      }
    }
  }
}
